
Microsoft Visual Studio Solution File, Format Version 12.00
# Visual Studio 15
VisualStudioVersion = 15.0.26430.13
MinimumVisualStudioVersion = 10.0.40219.1
Project("{2150E333-8FDC-42A3-9474-1A3956D46DE8}") = "src", "src", "{2DB8128D-5DBC-421F-ABF4-A9A3BF782077}"
EndProject
Project("{2150E333-8FDC-42A3-9474-1A3956D46DE8}") = "test", "test", "{3E7E6935-DDBF-4019-94A2-BF378F2E98B4}"
EndProject
Project("{2150E333-8FDC-42A3-9474-1A3956D46DE8}") = "tools", "tools", "{CB18ED15-BBB9-4F01-B276-5A6ABDCB8CC1}"
	ProjectSection(SolutionItems) = preProject
		tools\migrations.cmd = tools\migrations.cmd
	EndProjectSection
EndProject
Project("{9A19103F-16F7-4668-BE54-9A1E7A4F7556}") = "UtManager.Utils", "src\UtManager.Utils\UtManager.Utils.csproj", "{162A62B4-C067-4AB7-81FF-ACD4E77E7843}"
EndProject
Project("{9A19103F-16F7-4668-BE54-9A1E7A4F7556}") = "UtManager.Core", "src\UtManager.Core\UtManager.Core.csproj", "{06C52167-8778-439F-A63F-505ED1FD01C6}"
EndProject
Project("{9A19103F-16F7-4668-BE54-9A1E7A4F7556}") = "UtManager.Infrastructure.Persistence", "src\UtManager.Infrastructure.Persistence\UtManager.Infrastructure.Persistence.csproj", "{F408AFC5-014B-44E6-B729-18B1C4E5E74D}"
EndProject
Project("{9A19103F-16F7-4668-BE54-9A1E7A4F7556}") = "UtManager.Web", "src\UtManager.Web\UtManager.Web.csproj", "{9311D459-5E1A-4575-8C90-E43CB9B20316}"
EndProject
Global
	GlobalSection(SolutionConfigurationPlatforms) = preSolution
		Debug|Any CPU = Debug|Any CPU
		Release|Any CPU = Release|Any CPU
	EndGlobalSection
	GlobalSection(ProjectConfigurationPlatforms) = postSolution
		{162A62B4-C067-4AB7-81FF-ACD4E77E7843}.Debug|Any CPU.ActiveCfg = Debug|Any CPU
		{162A62B4-C067-4AB7-81FF-ACD4E77E7843}.Debug|Any CPU.Build.0 = Debug|Any CPU
		{162A62B4-C067-4AB7-81FF-ACD4E77E7843}.Release|Any CPU.ActiveCfg = Release|Any CPU
		{162A62B4-C067-4AB7-81FF-ACD4E77E7843}.Release|Any CPU.Build.0 = Release|Any CPU
		{06C52167-8778-439F-A63F-505ED1FD01C6}.Debug|Any CPU.ActiveCfg = Debug|Any CPU
		{06C52167-8778-439F-A63F-505ED1FD01C6}.Debug|Any CPU.Build.0 = Debug|Any CPU
		{06C52167-8778-439F-A63F-505ED1FD01C6}.Release|Any CPU.ActiveCfg = Release|Any CPU
		{06C52167-8778-439F-A63F-505ED1FD01C6}.Release|Any CPU.Build.0 = Release|Any CPU
		{F408AFC5-014B-44E6-B729-18B1C4E5E74D}.Debug|Any CPU.ActiveCfg = Debug|Any CPU
		{F408AFC5-014B-44E6-B729-18B1C4E5E74D}.Debug|Any CPU.Build.0 = Debug|Any CPU
		{F408AFC5-014B-44E6-B729-18B1C4E5E74D}.Release|Any CPU.ActiveCfg = Release|Any CPU
		{F408AFC5-014B-44E6-B729-18B1C4E5E74D}.Release|Any CPU.Build.0 = Release|Any CPU
		{9311D459-5E1A-4575-8C90-E43CB9B20316}.Debug|Any CPU.ActiveCfg = Debug|Any CPU
		{9311D459-5E1A-4575-8C90-E43CB9B20316}.Debug|Any CPU.Build.0 = Debug|Any CPU
		{9311D459-5E1A-4575-8C90-E43CB9B20316}.Release|Any CPU.ActiveCfg = Release|Any CPU
		{9311D459-5E1A-4575-8C90-E43CB9B20316}.Release|Any CPU.Build.0 = Release|Any CPU
	EndGlobalSection
	GlobalSection(SolutionProperties) = preSolution
		HideSolutionNode = FALSE
	EndGlobalSection
	GlobalSection(NestedProjects) = preSolution
		{162A62B4-C067-4AB7-81FF-ACD4E77E7843} = {2DB8128D-5DBC-421F-ABF4-A9A3BF782077}
		{06C52167-8778-439F-A63F-505ED1FD01C6} = {2DB8128D-5DBC-421F-ABF4-A9A3BF782077}
		{F408AFC5-014B-44E6-B729-18B1C4E5E74D} = {2DB8128D-5DBC-421F-ABF4-A9A3BF782077}
		{9311D459-5E1A-4575-8C90-E43CB9B20316} = {2DB8128D-5DBC-421F-ABF4-A9A3BF782077}
	EndGlobalSection
EndGlobal
